{
  "name": "@icon/coreui-icons-free",
  "version": "1.0.1-alpha.1",
  "lockfileVersion": 3,
  "requires": true,
  "packages": {
    "": {
      "name": "@icon/coreui-icons-free",
      "version": "1.0.1-alpha.1",
      "license": "MIT",
      "dependencies": {
        "@icon/coreui-icons-free": "file:"
      },
      "devDependencies": {
        "@coreui/icons": "^1.0.1"
      }
    },
    "node_modules/@coreui/icons": {
      "version": "1.0.1",
      "resolved": "https://registry.npmjs.org/@coreui/icons/-/icons-1.0.1.tgz",
      "integrity": "sha512-DAlvdHRC+HHecdy52vskbNzNKEpu6wHDvSlsHGrwOqNxQl1YLhGEtqAW4sKpyVE3GgysNCywUWZGFlLp8I3LgA==",
      "dev": true
    },
    "node_modules/@icon/coreui-icons-free": {
      "resolved": "",
      "link": true
    }
  }
}
